
Microsoft Visual Studio Solution File, Format Version 12.00
# Visual Studio Version 17
VisualStudioVersion = 17.10.35122.118
MinimumVisualStudioVersion = 10.0.40219.1
Project("{8BC9CEB8-8B4A-11D0-8D11-00A0C91BC942}") = "SpritesAndTextures", "SpritesAndTextures\SpritesAndTextures.vcxproj", "{E11C04D4-E195-4682-9757-1BA3E1205A79}"
	ProjectSection(ProjectDependencies) = postProject
		{3E0E8608-CD9B-4C76-AF33-29CA38F2C9F0} = {3E0E8608-CD9B-4C76-AF33-29CA38F2C9F0}
	EndProjectSection
EndProject
Project("{8BC9CEB8-8B4A-11D0-8D11-00A0C91BC942}") = "DirectXTK12", "DirectXTK12\DirectXTK_Desktop_2022_Win10.vcxproj", "{3E0E8608-CD9B-4C76-AF33-29CA38F2C9F0}"
EndProject
Project("{8BC9CEB8-8B4A-11D0-8D11-00A0C91BC942}") = "DrawingText", "DrawingText\DrawingText.vcxproj", "{D8BFE221-0FC5-4F66-9ECE-0088811632C2}"
EndProject
Project("{8BC9CEB8-8B4A-11D0-8D11-00A0C91BC942}") = "SimpleRendering", "SimpleRendering\SimpleRendering.vcxproj", "{191734A1-BA90-4084-AD71-0C1AB3A76531}"
EndProject
Project("{8BC9CEB8-8B4A-11D0-8D11-00A0C91BC942}") = "Line drawing and anti aliasing", "Line drawing and anti aliasing\Line drawing and anti aliasing.vcxproj", "{9D25F00D-B107-4A65-8C2D-C280C37E7E6B}"
EndProject
Project("{8BC9CEB8-8B4A-11D0-8D11-00A0C91BC942}") = "3D shapes", "3D shapes\3D shapes.vcxproj", "{99A8F91D-83F4-4594-B16D-4DE16CF7563A}"
EndProject
Project("{8BC9CEB8-8B4A-11D0-8D11-00A0C91BC942}") = "Rendering a model", "Rendering a model\Rendering a model.vcxproj", "{2D24AEE9-039D-4C40-99B6-B699AF88A88C}"
EndProject
Global
	GlobalSection(SolutionConfigurationPlatforms) = preSolution
		Debug|ARM64 = Debug|ARM64
		Debug|x64 = Debug|x64
		Debug|x86 = Debug|x86
		Release|ARM64 = Release|ARM64
		Release|x64 = Release|x64
		Release|x86 = Release|x86
	EndGlobalSection
	GlobalSection(ProjectConfigurationPlatforms) = postSolution
		{E11C04D4-E195-4682-9757-1BA3E1205A79}.Debug|ARM64.ActiveCfg = Debug|x64
		{E11C04D4-E195-4682-9757-1BA3E1205A79}.Debug|ARM64.Build.0 = Debug|x64
		{E11C04D4-E195-4682-9757-1BA3E1205A79}.Debug|x64.ActiveCfg = Debug|x64
		{E11C04D4-E195-4682-9757-1BA3E1205A79}.Debug|x64.Build.0 = Debug|x64
		{E11C04D4-E195-4682-9757-1BA3E1205A79}.Debug|x86.ActiveCfg = Debug|Win32
		{E11C04D4-E195-4682-9757-1BA3E1205A79}.Debug|x86.Build.0 = Debug|Win32
		{E11C04D4-E195-4682-9757-1BA3E1205A79}.Release|ARM64.ActiveCfg = Release|x64
		{E11C04D4-E195-4682-9757-1BA3E1205A79}.Release|ARM64.Build.0 = Release|x64
		{E11C04D4-E195-4682-9757-1BA3E1205A79}.Release|x64.ActiveCfg = Release|x64
		{E11C04D4-E195-4682-9757-1BA3E1205A79}.Release|x64.Build.0 = Release|x64
		{E11C04D4-E195-4682-9757-1BA3E1205A79}.Release|x86.ActiveCfg = Release|Win32
		{E11C04D4-E195-4682-9757-1BA3E1205A79}.Release|x86.Build.0 = Release|Win32
		{3E0E8608-CD9B-4C76-AF33-29CA38F2C9F0}.Debug|ARM64.ActiveCfg = Debug|ARM64
		{3E0E8608-CD9B-4C76-AF33-29CA38F2C9F0}.Debug|ARM64.Build.0 = Debug|ARM64
		{3E0E8608-CD9B-4C76-AF33-29CA38F2C9F0}.Debug|x64.ActiveCfg = Debug|x64
		{3E0E8608-CD9B-4C76-AF33-29CA38F2C9F0}.Debug|x64.Build.0 = Debug|x64
		{3E0E8608-CD9B-4C76-AF33-29CA38F2C9F0}.Debug|x86.ActiveCfg = Debug|Win32
		{3E0E8608-CD9B-4C76-AF33-29CA38F2C9F0}.Debug|x86.Build.0 = Debug|Win32
		{3E0E8608-CD9B-4C76-AF33-29CA38F2C9F0}.Release|ARM64.ActiveCfg = Release|ARM64
		{3E0E8608-CD9B-4C76-AF33-29CA38F2C9F0}.Release|ARM64.Build.0 = Release|ARM64
		{3E0E8608-CD9B-4C76-AF33-29CA38F2C9F0}.Release|x64.ActiveCfg = Release|x64
		{3E0E8608-CD9B-4C76-AF33-29CA38F2C9F0}.Release|x64.Build.0 = Release|x64
		{3E0E8608-CD9B-4C76-AF33-29CA38F2C9F0}.Release|x86.ActiveCfg = Release|Win32
		{3E0E8608-CD9B-4C76-AF33-29CA38F2C9F0}.Release|x86.Build.0 = Release|Win32
		{D8BFE221-0FC5-4F66-9ECE-0088811632C2}.Debug|ARM64.ActiveCfg = Debug|x64
		{D8BFE221-0FC5-4F66-9ECE-0088811632C2}.Debug|ARM64.Build.0 = Debug|x64
		{D8BFE221-0FC5-4F66-9ECE-0088811632C2}.Debug|x64.ActiveCfg = Debug|x64
		{D8BFE221-0FC5-4F66-9ECE-0088811632C2}.Debug|x64.Build.0 = Debug|x64
		{D8BFE221-0FC5-4F66-9ECE-0088811632C2}.Debug|x86.ActiveCfg = Debug|Win32
		{D8BFE221-0FC5-4F66-9ECE-0088811632C2}.Debug|x86.Build.0 = Debug|Win32
		{D8BFE221-0FC5-4F66-9ECE-0088811632C2}.Release|ARM64.ActiveCfg = Release|x64
		{D8BFE221-0FC5-4F66-9ECE-0088811632C2}.Release|ARM64.Build.0 = Release|x64
		{D8BFE221-0FC5-4F66-9ECE-0088811632C2}.Release|x64.ActiveCfg = Release|x64
		{D8BFE221-0FC5-4F66-9ECE-0088811632C2}.Release|x64.Build.0 = Release|x64
		{D8BFE221-0FC5-4F66-9ECE-0088811632C2}.Release|x86.ActiveCfg = Release|Win32
		{D8BFE221-0FC5-4F66-9ECE-0088811632C2}.Release|x86.Build.0 = Release|Win32
		{191734A1-BA90-4084-AD71-0C1AB3A76531}.Debug|ARM64.ActiveCfg = Debug|x64
		{191734A1-BA90-4084-AD71-0C1AB3A76531}.Debug|ARM64.Build.0 = Debug|x64
		{191734A1-BA90-4084-AD71-0C1AB3A76531}.Debug|x64.ActiveCfg = Debug|x64
		{191734A1-BA90-4084-AD71-0C1AB3A76531}.Debug|x64.Build.0 = Debug|x64
		{191734A1-BA90-4084-AD71-0C1AB3A76531}.Debug|x86.ActiveCfg = Debug|Win32
		{191734A1-BA90-4084-AD71-0C1AB3A76531}.Debug|x86.Build.0 = Debug|Win32
		{191734A1-BA90-4084-AD71-0C1AB3A76531}.Release|ARM64.ActiveCfg = Release|x64
		{191734A1-BA90-4084-AD71-0C1AB3A76531}.Release|ARM64.Build.0 = Release|x64
		{191734A1-BA90-4084-AD71-0C1AB3A76531}.Release|x64.ActiveCfg = Release|x64
		{191734A1-BA90-4084-AD71-0C1AB3A76531}.Release|x64.Build.0 = Release|x64
		{191734A1-BA90-4084-AD71-0C1AB3A76531}.Release|x86.ActiveCfg = Release|Win32
		{191734A1-BA90-4084-AD71-0C1AB3A76531}.Release|x86.Build.0 = Release|Win32
		{9D25F00D-B107-4A65-8C2D-C280C37E7E6B}.Debug|ARM64.ActiveCfg = Debug|x64
		{9D25F00D-B107-4A65-8C2D-C280C37E7E6B}.Debug|ARM64.Build.0 = Debug|x64
		{9D25F00D-B107-4A65-8C2D-C280C37E7E6B}.Debug|x64.ActiveCfg = Debug|x64
		{9D25F00D-B107-4A65-8C2D-C280C37E7E6B}.Debug|x64.Build.0 = Debug|x64
		{9D25F00D-B107-4A65-8C2D-C280C37E7E6B}.Debug|x86.ActiveCfg = Debug|Win32
		{9D25F00D-B107-4A65-8C2D-C280C37E7E6B}.Debug|x86.Build.0 = Debug|Win32
		{9D25F00D-B107-4A65-8C2D-C280C37E7E6B}.Release|ARM64.ActiveCfg = Release|x64
		{9D25F00D-B107-4A65-8C2D-C280C37E7E6B}.Release|ARM64.Build.0 = Release|x64
		{9D25F00D-B107-4A65-8C2D-C280C37E7E6B}.Release|x64.ActiveCfg = Release|x64
		{9D25F00D-B107-4A65-8C2D-C280C37E7E6B}.Release|x64.Build.0 = Release|x64
		{9D25F00D-B107-4A65-8C2D-C280C37E7E6B}.Release|x86.ActiveCfg = Release|Win32
		{9D25F00D-B107-4A65-8C2D-C280C37E7E6B}.Release|x86.Build.0 = Release|Win32
		{99A8F91D-83F4-4594-B16D-4DE16CF7563A}.Debug|ARM64.ActiveCfg = Debug|x64
		{99A8F91D-83F4-4594-B16D-4DE16CF7563A}.Debug|ARM64.Build.0 = Debug|x64
		{99A8F91D-83F4-4594-B16D-4DE16CF7563A}.Debug|x64.ActiveCfg = Debug|x64
		{99A8F91D-83F4-4594-B16D-4DE16CF7563A}.Debug|x64.Build.0 = Debug|x64
		{99A8F91D-83F4-4594-B16D-4DE16CF7563A}.Debug|x86.ActiveCfg = Debug|Win32
		{99A8F91D-83F4-4594-B16D-4DE16CF7563A}.Debug|x86.Build.0 = Debug|Win32
		{99A8F91D-83F4-4594-B16D-4DE16CF7563A}.Release|ARM64.ActiveCfg = Release|x64
		{99A8F91D-83F4-4594-B16D-4DE16CF7563A}.Release|ARM64.Build.0 = Release|x64
		{99A8F91D-83F4-4594-B16D-4DE16CF7563A}.Release|x64.ActiveCfg = Release|x64
		{99A8F91D-83F4-4594-B16D-4DE16CF7563A}.Release|x64.Build.0 = Release|x64
		{99A8F91D-83F4-4594-B16D-4DE16CF7563A}.Release|x86.ActiveCfg = Release|Win32
		{99A8F91D-83F4-4594-B16D-4DE16CF7563A}.Release|x86.Build.0 = Release|Win32
		{2D24AEE9-039D-4C40-99B6-B699AF88A88C}.Debug|ARM64.ActiveCfg = Debug|x64
		{2D24AEE9-039D-4C40-99B6-B699AF88A88C}.Debug|ARM64.Build.0 = Debug|x64
		{2D24AEE9-039D-4C40-99B6-B699AF88A88C}.Debug|x64.ActiveCfg = Debug|x64
		{2D24AEE9-039D-4C40-99B6-B699AF88A88C}.Debug|x64.Build.0 = Debug|x64
		{2D24AEE9-039D-4C40-99B6-B699AF88A88C}.Debug|x86.ActiveCfg = Debug|Win32
		{2D24AEE9-039D-4C40-99B6-B699AF88A88C}.Debug|x86.Build.0 = Debug|Win32
		{2D24AEE9-039D-4C40-99B6-B699AF88A88C}.Release|ARM64.ActiveCfg = Release|x64
		{2D24AEE9-039D-4C40-99B6-B699AF88A88C}.Release|ARM64.Build.0 = Release|x64
		{2D24AEE9-039D-4C40-99B6-B699AF88A88C}.Release|x64.ActiveCfg = Release|x64
		{2D24AEE9-039D-4C40-99B6-B699AF88A88C}.Release|x64.Build.0 = Release|x64
		{2D24AEE9-039D-4C40-99B6-B699AF88A88C}.Release|x86.ActiveCfg = Release|Win32
		{2D24AEE9-039D-4C40-99B6-B699AF88A88C}.Release|x86.Build.0 = Release|Win32
	EndGlobalSection
	GlobalSection(SolutionProperties) = preSolution
		HideSolutionNode = FALSE
	EndGlobalSection
	GlobalSection(ExtensibilityGlobals) = postSolution
		SolutionGuid = {395A38D8-A9FA-4B5F-96BF-096181B2AA22}
	EndGlobalSection
EndGlobal
