
Microsoft Visual Studio Solution File, Format Version 12.00
# Visual Studio Version 17
VisualStudioVersion = 17.10.35122.118
MinimumVisualStudioVersion = 10.0.40219.1
Project("{8BC9CEB8-8B4A-11D0-8D11-00A0C91BC942}") = "SpritesAndTextures", "SpritesAndTextures\SpritesAndTextures.vcxproj", "{E11C04D4-E195-4682-9757-1BA3E1205A79}"
	ProjectSection(ProjectDependencies) = postProject
		{3E0E8608-CD9B-4C76-AF33-29CA38F2C9F0} = {3E0E8608-CD9B-4C76-AF33-29CA38F2C9F0}
	EndProjectSection
EndProject
Project("{8BC9CEB8-8B4A-11D0-8D11-00A0C91BC942}") = "DirectXTK12", "DirectXTK12\DirectXTK_Desktop_2022_Win10.vcxproj", "{3E0E8608-CD9B-4C76-AF33-29CA38F2C9F0}"
EndProject
Project("{8BC9CEB8-8B4A-11D0-8D11-00A0C91BC942}") = "DrawingText", "DrawingText\DrawingText.vcxproj", "{D8BFE221-0FC5-4F66-9ECE-0088811632C2}"
EndProject
Project("{8BC9CEB8-8B4A-11D0-8D11-00A0C91BC942}") = "SimpleRendering", "SimpleRendering\SimpleRendering.vcxproj", "{191734A1-BA90-4084-AD71-0C1AB3A76531}"
EndProject
Project("{8BC9CEB8-8B4A-11D0-8D11-00A0C91BC942}") = "Line drawing and anti aliasing", "Line drawing and anti aliasing\Line drawing and anti aliasing.vcxproj", "{9D25F00D-B107-4A65-8C2D-C280C37E7E6B}"
EndProject
Project("{8BC9CEB8-8B4A-11D0-8D11-00A0C91BC942}") = "3D shapes", "3D shapes\3D shapes.vcxproj", "{99A8F91D-83F4-4594-B16D-4DE16CF7563A}"
EndProject
Project("{8BC9CEB8-8B4A-11D0-8D11-00A0C91BC942}") = "Rendering a model", "Rendering a model\Rendering a model.vcxproj", "{2D24AEE9-039D-4C40-99B6-B699AF88A88C}"
EndProject
Project("{8BC9CEB8-8B4A-11D0-8D11-00A0C91BC942}") = "Animating using model bones", "Animating using model bones\Animating using model bones.vcxproj", "{5621EEFA-2216-4BEA-9342-91A5CFB083D2}"
EndProject
Project("{8BC9CEB8-8B4A-11D0-8D11-00A0C91BC942}") = "Using skinned models", "Using skinned models\Using skinned models.vcxproj", "{BC859361-7516-4050-BDEC-8AA9294275B0}"
EndProject
Project("{8BC9CEB8-8B4A-11D0-8D11-00A0C91BC942}") = "Using advanced shaders", "Using advanced shaders\Using advanced shaders.vcxproj", "{98D370E8-E9A8-48DE-99F9-5183E21B52C6}"
EndProject
Project("{8BC9CEB8-8B4A-11D0-8D11-00A0C91BC942}") = "Multistream rendering and instancing", "Multistream rendering and instancing\Multistream rendering and instancing.vcxproj", "{F870205E-2614-4946-B912-C6D7FEA6CD05}"
EndProject
Project("{8BC9CEB8-8B4A-11D0-8D11-00A0C91BC942}") = "Writing custom shaders", "Writing custom shaders\Writing custom shaders.vcxproj", "{7AD78EE7-2646-411C-BF32-7CD56C044C95}"
EndProject
Project("{8BC9CEB8-8B4A-11D0-8D11-00A0C91BC942}") = "Authoring an Effect", "Authoring an Effect\Authoring an Effect.vcxproj", "{99AFF9CA-7EFA-44AB-A8D9-A49D140F82F6}"
EndProject
Project("{8BC9CEB8-8B4A-11D0-8D11-00A0C91BC942}") = "Using HDR rendering", "Using HDR rendering\Using HDR rendering.vcxproj", "{286A8F74-C6F6-4885-8781-D77599B996E9}"
EndProject
Project("{8BC9CEB8-8B4A-11D0-8D11-00A0C91BC942}") = "Physically based rendering", "Physically based rendering\Physically based rendering.vcxproj", "{4097C1D3-CAF1-406B-8ABA-A5EB644CEF63}"
EndProject
Project("{8BC9CEB8-8B4A-11D0-8D11-00A0C91BC942}") = "Adding audio to your project", "Adding audio to your project\Adding audio to your project.vcxproj", "{40769199-73F2-492B-9238-E777FBD8CD85}"
EndProject
Project("{8BC9CEB8-8B4A-11D0-8D11-00A0C91BC942}") = "Making use of wave banks", "Making use of wave banks\Making use of wave banks.vcxproj", "{E1AF88EF-6C13-4DDC-8DB1-F9327CDA3C25}"
EndProject
Project("{8BC9CEB8-8B4A-11D0-8D11-00A0C91BC942}") = "Using positional audio", "Using positional audio\Using positional audio.vcxproj", "{13388DD4-EF06-4944-823B-1414B4248C28}"
EndProject
Global
	GlobalSection(SolutionConfigurationPlatforms) = preSolution
		Debug|ARM64 = Debug|ARM64
		Debug|x64 = Debug|x64
		Debug|x86 = Debug|x86
		Release|ARM64 = Release|ARM64
		Release|x64 = Release|x64
		Release|x86 = Release|x86
	EndGlobalSection
	GlobalSection(ProjectConfigurationPlatforms) = postSolution
		{E11C04D4-E195-4682-9757-1BA3E1205A79}.Debug|ARM64.ActiveCfg = Debug|x64
		{E11C04D4-E195-4682-9757-1BA3E1205A79}.Debug|ARM64.Build.0 = Debug|x64
		{E11C04D4-E195-4682-9757-1BA3E1205A79}.Debug|x64.ActiveCfg = Debug|x64
		{E11C04D4-E195-4682-9757-1BA3E1205A79}.Debug|x64.Build.0 = Debug|x64
		{E11C04D4-E195-4682-9757-1BA3E1205A79}.Debug|x86.ActiveCfg = Debug|Win32
		{E11C04D4-E195-4682-9757-1BA3E1205A79}.Debug|x86.Build.0 = Debug|Win32
		{E11C04D4-E195-4682-9757-1BA3E1205A79}.Release|ARM64.ActiveCfg = Release|x64
		{E11C04D4-E195-4682-9757-1BA3E1205A79}.Release|ARM64.Build.0 = Release|x64
		{E11C04D4-E195-4682-9757-1BA3E1205A79}.Release|x64.ActiveCfg = Release|x64
		{E11C04D4-E195-4682-9757-1BA3E1205A79}.Release|x64.Build.0 = Release|x64
		{E11C04D4-E195-4682-9757-1BA3E1205A79}.Release|x86.ActiveCfg = Release|Win32
		{E11C04D4-E195-4682-9757-1BA3E1205A79}.Release|x86.Build.0 = Release|Win32
		{3E0E8608-CD9B-4C76-AF33-29CA38F2C9F0}.Debug|ARM64.ActiveCfg = Debug|ARM64
		{3E0E8608-CD9B-4C76-AF33-29CA38F2C9F0}.Debug|ARM64.Build.0 = Debug|ARM64
		{3E0E8608-CD9B-4C76-AF33-29CA38F2C9F0}.Debug|x64.ActiveCfg = Debug|x64
		{3E0E8608-CD9B-4C76-AF33-29CA38F2C9F0}.Debug|x64.Build.0 = Debug|x64
		{3E0E8608-CD9B-4C76-AF33-29CA38F2C9F0}.Debug|x86.ActiveCfg = Debug|Win32
		{3E0E8608-CD9B-4C76-AF33-29CA38F2C9F0}.Debug|x86.Build.0 = Debug|Win32
		{3E0E8608-CD9B-4C76-AF33-29CA38F2C9F0}.Release|ARM64.ActiveCfg = Release|ARM64
		{3E0E8608-CD9B-4C76-AF33-29CA38F2C9F0}.Release|ARM64.Build.0 = Release|ARM64
		{3E0E8608-CD9B-4C76-AF33-29CA38F2C9F0}.Release|x64.ActiveCfg = Release|x64
		{3E0E8608-CD9B-4C76-AF33-29CA38F2C9F0}.Release|x64.Build.0 = Release|x64
		{3E0E8608-CD9B-4C76-AF33-29CA38F2C9F0}.Release|x86.ActiveCfg = Release|Win32
		{3E0E8608-CD9B-4C76-AF33-29CA38F2C9F0}.Release|x86.Build.0 = Release|Win32
		{D8BFE221-0FC5-4F66-9ECE-0088811632C2}.Debug|ARM64.ActiveCfg = Debug|x64
		{D8BFE221-0FC5-4F66-9ECE-0088811632C2}.Debug|ARM64.Build.0 = Debug|x64
		{D8BFE221-0FC5-4F66-9ECE-0088811632C2}.Debug|x64.ActiveCfg = Debug|x64
		{D8BFE221-0FC5-4F66-9ECE-0088811632C2}.Debug|x64.Build.0 = Debug|x64
		{D8BFE221-0FC5-4F66-9ECE-0088811632C2}.Debug|x86.ActiveCfg = Debug|Win32
		{D8BFE221-0FC5-4F66-9ECE-0088811632C2}.Debug|x86.Build.0 = Debug|Win32
		{D8BFE221-0FC5-4F66-9ECE-0088811632C2}.Release|ARM64.ActiveCfg = Release|x64
		{D8BFE221-0FC5-4F66-9ECE-0088811632C2}.Release|ARM64.Build.0 = Release|x64
		{D8BFE221-0FC5-4F66-9ECE-0088811632C2}.Release|x64.ActiveCfg = Release|x64
		{D8BFE221-0FC5-4F66-9ECE-0088811632C2}.Release|x64.Build.0 = Release|x64
		{D8BFE221-0FC5-4F66-9ECE-0088811632C2}.Release|x86.ActiveCfg = Release|Win32
		{D8BFE221-0FC5-4F66-9ECE-0088811632C2}.Release|x86.Build.0 = Release|Win32
		{191734A1-BA90-4084-AD71-0C1AB3A76531}.Debug|ARM64.ActiveCfg = Debug|x64
		{191734A1-BA90-4084-AD71-0C1AB3A76531}.Debug|ARM64.Build.0 = Debug|x64
		{191734A1-BA90-4084-AD71-0C1AB3A76531}.Debug|x64.ActiveCfg = Debug|x64
		{191734A1-BA90-4084-AD71-0C1AB3A76531}.Debug|x64.Build.0 = Debug|x64
		{191734A1-BA90-4084-AD71-0C1AB3A76531}.Debug|x86.ActiveCfg = Debug|Win32
		{191734A1-BA90-4084-AD71-0C1AB3A76531}.Debug|x86.Build.0 = Debug|Win32
		{191734A1-BA90-4084-AD71-0C1AB3A76531}.Release|ARM64.ActiveCfg = Release|x64
		{191734A1-BA90-4084-AD71-0C1AB3A76531}.Release|ARM64.Build.0 = Release|x64
		{191734A1-BA90-4084-AD71-0C1AB3A76531}.Release|x64.ActiveCfg = Release|x64
		{191734A1-BA90-4084-AD71-0C1AB3A76531}.Release|x64.Build.0 = Release|x64
		{191734A1-BA90-4084-AD71-0C1AB3A76531}.Release|x86.ActiveCfg = Release|Win32
		{191734A1-BA90-4084-AD71-0C1AB3A76531}.Release|x86.Build.0 = Release|Win32
		{9D25F00D-B107-4A65-8C2D-C280C37E7E6B}.Debug|ARM64.ActiveCfg = Debug|x64
		{9D25F00D-B107-4A65-8C2D-C280C37E7E6B}.Debug|ARM64.Build.0 = Debug|x64
		{9D25F00D-B107-4A65-8C2D-C280C37E7E6B}.Debug|x64.ActiveCfg = Debug|x64
		{9D25F00D-B107-4A65-8C2D-C280C37E7E6B}.Debug|x64.Build.0 = Debug|x64
		{9D25F00D-B107-4A65-8C2D-C280C37E7E6B}.Debug|x86.ActiveCfg = Debug|Win32
		{9D25F00D-B107-4A65-8C2D-C280C37E7E6B}.Debug|x86.Build.0 = Debug|Win32
		{9D25F00D-B107-4A65-8C2D-C280C37E7E6B}.Release|ARM64.ActiveCfg = Release|x64
		{9D25F00D-B107-4A65-8C2D-C280C37E7E6B}.Release|ARM64.Build.0 = Release|x64
		{9D25F00D-B107-4A65-8C2D-C280C37E7E6B}.Release|x64.ActiveCfg = Release|x64
		{9D25F00D-B107-4A65-8C2D-C280C37E7E6B}.Release|x64.Build.0 = Release|x64
		{9D25F00D-B107-4A65-8C2D-C280C37E7E6B}.Release|x86.ActiveCfg = Release|Win32
		{9D25F00D-B107-4A65-8C2D-C280C37E7E6B}.Release|x86.Build.0 = Release|Win32
		{99A8F91D-83F4-4594-B16D-4DE16CF7563A}.Debug|ARM64.ActiveCfg = Debug|x64
		{99A8F91D-83F4-4594-B16D-4DE16CF7563A}.Debug|ARM64.Build.0 = Debug|x64
		{99A8F91D-83F4-4594-B16D-4DE16CF7563A}.Debug|x64.ActiveCfg = Debug|x64
		{99A8F91D-83F4-4594-B16D-4DE16CF7563A}.Debug|x64.Build.0 = Debug|x64
		{99A8F91D-83F4-4594-B16D-4DE16CF7563A}.Debug|x86.ActiveCfg = Debug|Win32
		{99A8F91D-83F4-4594-B16D-4DE16CF7563A}.Debug|x86.Build.0 = Debug|Win32
		{99A8F91D-83F4-4594-B16D-4DE16CF7563A}.Release|ARM64.ActiveCfg = Release|x64
		{99A8F91D-83F4-4594-B16D-4DE16CF7563A}.Release|ARM64.Build.0 = Release|x64
		{99A8F91D-83F4-4594-B16D-4DE16CF7563A}.Release|x64.ActiveCfg = Release|x64
		{99A8F91D-83F4-4594-B16D-4DE16CF7563A}.Release|x64.Build.0 = Release|x64
		{99A8F91D-83F4-4594-B16D-4DE16CF7563A}.Release|x86.ActiveCfg = Release|Win32
		{99A8F91D-83F4-4594-B16D-4DE16CF7563A}.Release|x86.Build.0 = Release|Win32
		{2D24AEE9-039D-4C40-99B6-B699AF88A88C}.Debug|ARM64.ActiveCfg = Debug|x64
		{2D24AEE9-039D-4C40-99B6-B699AF88A88C}.Debug|ARM64.Build.0 = Debug|x64
		{2D24AEE9-039D-4C40-99B6-B699AF88A88C}.Debug|x64.ActiveCfg = Debug|x64
		{2D24AEE9-039D-4C40-99B6-B699AF88A88C}.Debug|x64.Build.0 = Debug|x64
		{2D24AEE9-039D-4C40-99B6-B699AF88A88C}.Debug|x86.ActiveCfg = Debug|Win32
		{2D24AEE9-039D-4C40-99B6-B699AF88A88C}.Debug|x86.Build.0 = Debug|Win32
		{2D24AEE9-039D-4C40-99B6-B699AF88A88C}.Release|ARM64.ActiveCfg = Release|x64
		{2D24AEE9-039D-4C40-99B6-B699AF88A88C}.Release|ARM64.Build.0 = Release|x64
		{2D24AEE9-039D-4C40-99B6-B699AF88A88C}.Release|x64.ActiveCfg = Release|x64
		{2D24AEE9-039D-4C40-99B6-B699AF88A88C}.Release|x64.Build.0 = Release|x64
		{2D24AEE9-039D-4C40-99B6-B699AF88A88C}.Release|x86.ActiveCfg = Release|Win32
		{2D24AEE9-039D-4C40-99B6-B699AF88A88C}.Release|x86.Build.0 = Release|Win32
		{5621EEFA-2216-4BEA-9342-91A5CFB083D2}.Debug|ARM64.ActiveCfg = Debug|x64
		{5621EEFA-2216-4BEA-9342-91A5CFB083D2}.Debug|ARM64.Build.0 = Debug|x64
		{5621EEFA-2216-4BEA-9342-91A5CFB083D2}.Debug|x64.ActiveCfg = Debug|x64
		{5621EEFA-2216-4BEA-9342-91A5CFB083D2}.Debug|x64.Build.0 = Debug|x64
		{5621EEFA-2216-4BEA-9342-91A5CFB083D2}.Debug|x86.ActiveCfg = Debug|Win32
		{5621EEFA-2216-4BEA-9342-91A5CFB083D2}.Debug|x86.Build.0 = Debug|Win32
		{5621EEFA-2216-4BEA-9342-91A5CFB083D2}.Release|ARM64.ActiveCfg = Release|x64
		{5621EEFA-2216-4BEA-9342-91A5CFB083D2}.Release|ARM64.Build.0 = Release|x64
		{5621EEFA-2216-4BEA-9342-91A5CFB083D2}.Release|x64.ActiveCfg = Release|x64
		{5621EEFA-2216-4BEA-9342-91A5CFB083D2}.Release|x64.Build.0 = Release|x64
		{5621EEFA-2216-4BEA-9342-91A5CFB083D2}.Release|x86.ActiveCfg = Release|Win32
		{5621EEFA-2216-4BEA-9342-91A5CFB083D2}.Release|x86.Build.0 = Release|Win32
		{BC859361-7516-4050-BDEC-8AA9294275B0}.Debug|ARM64.ActiveCfg = Debug|x64
		{BC859361-7516-4050-BDEC-8AA9294275B0}.Debug|ARM64.Build.0 = Debug|x64
		{BC859361-7516-4050-BDEC-8AA9294275B0}.Debug|x64.ActiveCfg = Debug|x64
		{BC859361-7516-4050-BDEC-8AA9294275B0}.Debug|x64.Build.0 = Debug|x64
		{BC859361-7516-4050-BDEC-8AA9294275B0}.Debug|x86.ActiveCfg = Debug|Win32
		{BC859361-7516-4050-BDEC-8AA9294275B0}.Debug|x86.Build.0 = Debug|Win32
		{BC859361-7516-4050-BDEC-8AA9294275B0}.Release|ARM64.ActiveCfg = Release|x64
		{BC859361-7516-4050-BDEC-8AA9294275B0}.Release|ARM64.Build.0 = Release|x64
		{BC859361-7516-4050-BDEC-8AA9294275B0}.Release|x64.ActiveCfg = Release|x64
		{BC859361-7516-4050-BDEC-8AA9294275B0}.Release|x64.Build.0 = Release|x64
		{BC859361-7516-4050-BDEC-8AA9294275B0}.Release|x86.ActiveCfg = Release|Win32
		{BC859361-7516-4050-BDEC-8AA9294275B0}.Release|x86.Build.0 = Release|Win32
		{98D370E8-E9A8-48DE-99F9-5183E21B52C6}.Debug|ARM64.ActiveCfg = Debug|x64
		{98D370E8-E9A8-48DE-99F9-5183E21B52C6}.Debug|ARM64.Build.0 = Debug|x64
		{98D370E8-E9A8-48DE-99F9-5183E21B52C6}.Debug|x64.ActiveCfg = Debug|x64
		{98D370E8-E9A8-48DE-99F9-5183E21B52C6}.Debug|x64.Build.0 = Debug|x64
		{98D370E8-E9A8-48DE-99F9-5183E21B52C6}.Debug|x86.ActiveCfg = Debug|Win32
		{98D370E8-E9A8-48DE-99F9-5183E21B52C6}.Debug|x86.Build.0 = Debug|Win32
		{98D370E8-E9A8-48DE-99F9-5183E21B52C6}.Release|ARM64.ActiveCfg = Release|x64
		{98D370E8-E9A8-48DE-99F9-5183E21B52C6}.Release|ARM64.Build.0 = Release|x64
		{98D370E8-E9A8-48DE-99F9-5183E21B52C6}.Release|x64.ActiveCfg = Release|x64
		{98D370E8-E9A8-48DE-99F9-5183E21B52C6}.Release|x64.Build.0 = Release|x64
		{98D370E8-E9A8-48DE-99F9-5183E21B52C6}.Release|x86.ActiveCfg = Release|Win32
		{98D370E8-E9A8-48DE-99F9-5183E21B52C6}.Release|x86.Build.0 = Release|Win32
		{F870205E-2614-4946-B912-C6D7FEA6CD05}.Debug|ARM64.ActiveCfg = Debug|x64
		{F870205E-2614-4946-B912-C6D7FEA6CD05}.Debug|ARM64.Build.0 = Debug|x64
		{F870205E-2614-4946-B912-C6D7FEA6CD05}.Debug|x64.ActiveCfg = Debug|x64
		{F870205E-2614-4946-B912-C6D7FEA6CD05}.Debug|x64.Build.0 = Debug|x64
		{F870205E-2614-4946-B912-C6D7FEA6CD05}.Debug|x86.ActiveCfg = Debug|Win32
		{F870205E-2614-4946-B912-C6D7FEA6CD05}.Debug|x86.Build.0 = Debug|Win32
		{F870205E-2614-4946-B912-C6D7FEA6CD05}.Release|ARM64.ActiveCfg = Release|x64
		{F870205E-2614-4946-B912-C6D7FEA6CD05}.Release|ARM64.Build.0 = Release|x64
		{F870205E-2614-4946-B912-C6D7FEA6CD05}.Release|x64.ActiveCfg = Release|x64
		{F870205E-2614-4946-B912-C6D7FEA6CD05}.Release|x64.Build.0 = Release|x64
		{F870205E-2614-4946-B912-C6D7FEA6CD05}.Release|x86.ActiveCfg = Release|Win32
		{F870205E-2614-4946-B912-C6D7FEA6CD05}.Release|x86.Build.0 = Release|Win32
		{7AD78EE7-2646-411C-BF32-7CD56C044C95}.Debug|ARM64.ActiveCfg = Debug|x64
		{7AD78EE7-2646-411C-BF32-7CD56C044C95}.Debug|ARM64.Build.0 = Debug|x64
		{7AD78EE7-2646-411C-BF32-7CD56C044C95}.Debug|x64.ActiveCfg = Debug|x64
		{7AD78EE7-2646-411C-BF32-7CD56C044C95}.Debug|x64.Build.0 = Debug|x64
		{7AD78EE7-2646-411C-BF32-7CD56C044C95}.Debug|x86.ActiveCfg = Debug|Win32
		{7AD78EE7-2646-411C-BF32-7CD56C044C95}.Debug|x86.Build.0 = Debug|Win32
		{7AD78EE7-2646-411C-BF32-7CD56C044C95}.Release|ARM64.ActiveCfg = Release|x64
		{7AD78EE7-2646-411C-BF32-7CD56C044C95}.Release|ARM64.Build.0 = Release|x64
		{7AD78EE7-2646-411C-BF32-7CD56C044C95}.Release|x64.ActiveCfg = Release|x64
		{7AD78EE7-2646-411C-BF32-7CD56C044C95}.Release|x64.Build.0 = Release|x64
		{7AD78EE7-2646-411C-BF32-7CD56C044C95}.Release|x86.ActiveCfg = Release|Win32
		{7AD78EE7-2646-411C-BF32-7CD56C044C95}.Release|x86.Build.0 = Release|Win32
		{99AFF9CA-7EFA-44AB-A8D9-A49D140F82F6}.Debug|ARM64.ActiveCfg = Debug|x64
		{99AFF9CA-7EFA-44AB-A8D9-A49D140F82F6}.Debug|ARM64.Build.0 = Debug|x64
		{99AFF9CA-7EFA-44AB-A8D9-A49D140F82F6}.Debug|x64.ActiveCfg = Debug|x64
		{99AFF9CA-7EFA-44AB-A8D9-A49D140F82F6}.Debug|x64.Build.0 = Debug|x64
		{99AFF9CA-7EFA-44AB-A8D9-A49D140F82F6}.Debug|x86.ActiveCfg = Debug|Win32
		{99AFF9CA-7EFA-44AB-A8D9-A49D140F82F6}.Debug|x86.Build.0 = Debug|Win32
		{99AFF9CA-7EFA-44AB-A8D9-A49D140F82F6}.Release|ARM64.ActiveCfg = Release|x64
		{99AFF9CA-7EFA-44AB-A8D9-A49D140F82F6}.Release|ARM64.Build.0 = Release|x64
		{99AFF9CA-7EFA-44AB-A8D9-A49D140F82F6}.Release|x64.ActiveCfg = Release|x64
		{99AFF9CA-7EFA-44AB-A8D9-A49D140F82F6}.Release|x64.Build.0 = Release|x64
		{99AFF9CA-7EFA-44AB-A8D9-A49D140F82F6}.Release|x86.ActiveCfg = Release|Win32
		{99AFF9CA-7EFA-44AB-A8D9-A49D140F82F6}.Release|x86.Build.0 = Release|Win32
		{286A8F74-C6F6-4885-8781-D77599B996E9}.Debug|ARM64.ActiveCfg = Debug|x64
		{286A8F74-C6F6-4885-8781-D77599B996E9}.Debug|ARM64.Build.0 = Debug|x64
		{286A8F74-C6F6-4885-8781-D77599B996E9}.Debug|x64.ActiveCfg = Debug|x64
		{286A8F74-C6F6-4885-8781-D77599B996E9}.Debug|x64.Build.0 = Debug|x64
		{286A8F74-C6F6-4885-8781-D77599B996E9}.Debug|x86.ActiveCfg = Debug|Win32
		{286A8F74-C6F6-4885-8781-D77599B996E9}.Debug|x86.Build.0 = Debug|Win32
		{286A8F74-C6F6-4885-8781-D77599B996E9}.Release|ARM64.ActiveCfg = Release|x64
		{286A8F74-C6F6-4885-8781-D77599B996E9}.Release|ARM64.Build.0 = Release|x64
		{286A8F74-C6F6-4885-8781-D77599B996E9}.Release|x64.ActiveCfg = Release|x64
		{286A8F74-C6F6-4885-8781-D77599B996E9}.Release|x64.Build.0 = Release|x64
		{286A8F74-C6F6-4885-8781-D77599B996E9}.Release|x86.ActiveCfg = Release|Win32
		{286A8F74-C6F6-4885-8781-D77599B996E9}.Release|x86.Build.0 = Release|Win32
		{4097C1D3-CAF1-406B-8ABA-A5EB644CEF63}.Debug|ARM64.ActiveCfg = Debug|x64
		{4097C1D3-CAF1-406B-8ABA-A5EB644CEF63}.Debug|ARM64.Build.0 = Debug|x64
		{4097C1D3-CAF1-406B-8ABA-A5EB644CEF63}.Debug|x64.ActiveCfg = Debug|x64
		{4097C1D3-CAF1-406B-8ABA-A5EB644CEF63}.Debug|x64.Build.0 = Debug|x64
		{4097C1D3-CAF1-406B-8ABA-A5EB644CEF63}.Debug|x86.ActiveCfg = Debug|Win32
		{4097C1D3-CAF1-406B-8ABA-A5EB644CEF63}.Debug|x86.Build.0 = Debug|Win32
		{4097C1D3-CAF1-406B-8ABA-A5EB644CEF63}.Release|ARM64.ActiveCfg = Release|x64
		{4097C1D3-CAF1-406B-8ABA-A5EB644CEF63}.Release|ARM64.Build.0 = Release|x64
		{4097C1D3-CAF1-406B-8ABA-A5EB644CEF63}.Release|x64.ActiveCfg = Release|x64
		{4097C1D3-CAF1-406B-8ABA-A5EB644CEF63}.Release|x64.Build.0 = Release|x64
		{4097C1D3-CAF1-406B-8ABA-A5EB644CEF63}.Release|x86.ActiveCfg = Release|Win32
		{4097C1D3-CAF1-406B-8ABA-A5EB644CEF63}.Release|x86.Build.0 = Release|Win32
		{40769199-73F2-492B-9238-E777FBD8CD85}.Debug|ARM64.ActiveCfg = Debug|x64
		{40769199-73F2-492B-9238-E777FBD8CD85}.Debug|ARM64.Build.0 = Debug|x64
		{40769199-73F2-492B-9238-E777FBD8CD85}.Debug|x64.ActiveCfg = Debug|x64
		{40769199-73F2-492B-9238-E777FBD8CD85}.Debug|x64.Build.0 = Debug|x64
		{40769199-73F2-492B-9238-E777FBD8CD85}.Debug|x86.ActiveCfg = Debug|Win32
		{40769199-73F2-492B-9238-E777FBD8CD85}.Debug|x86.Build.0 = Debug|Win32
		{40769199-73F2-492B-9238-E777FBD8CD85}.Release|ARM64.ActiveCfg = Release|x64
		{40769199-73F2-492B-9238-E777FBD8CD85}.Release|ARM64.Build.0 = Release|x64
		{40769199-73F2-492B-9238-E777FBD8CD85}.Release|x64.ActiveCfg = Release|x64
		{40769199-73F2-492B-9238-E777FBD8CD85}.Release|x64.Build.0 = Release|x64
		{40769199-73F2-492B-9238-E777FBD8CD85}.Release|x86.ActiveCfg = Release|Win32
		{40769199-73F2-492B-9238-E777FBD8CD85}.Release|x86.Build.0 = Release|Win32
		{E1AF88EF-6C13-4DDC-8DB1-F9327CDA3C25}.Debug|ARM64.ActiveCfg = Debug|x64
		{E1AF88EF-6C13-4DDC-8DB1-F9327CDA3C25}.Debug|ARM64.Build.0 = Debug|x64
		{E1AF88EF-6C13-4DDC-8DB1-F9327CDA3C25}.Debug|x64.ActiveCfg = Debug|x64
		{E1AF88EF-6C13-4DDC-8DB1-F9327CDA3C25}.Debug|x64.Build.0 = Debug|x64
		{E1AF88EF-6C13-4DDC-8DB1-F9327CDA3C25}.Debug|x86.ActiveCfg = Debug|Win32
		{E1AF88EF-6C13-4DDC-8DB1-F9327CDA3C25}.Debug|x86.Build.0 = Debug|Win32
		{E1AF88EF-6C13-4DDC-8DB1-F9327CDA3C25}.Release|ARM64.ActiveCfg = Release|x64
		{E1AF88EF-6C13-4DDC-8DB1-F9327CDA3C25}.Release|ARM64.Build.0 = Release|x64
		{E1AF88EF-6C13-4DDC-8DB1-F9327CDA3C25}.Release|x64.ActiveCfg = Release|x64
		{E1AF88EF-6C13-4DDC-8DB1-F9327CDA3C25}.Release|x64.Build.0 = Release|x64
		{E1AF88EF-6C13-4DDC-8DB1-F9327CDA3C25}.Release|x86.ActiveCfg = Release|Win32
		{E1AF88EF-6C13-4DDC-8DB1-F9327CDA3C25}.Release|x86.Build.0 = Release|Win32
		{13388DD4-EF06-4944-823B-1414B4248C28}.Debug|ARM64.ActiveCfg = Debug|x64
		{13388DD4-EF06-4944-823B-1414B4248C28}.Debug|ARM64.Build.0 = Debug|x64
		{13388DD4-EF06-4944-823B-1414B4248C28}.Debug|x64.ActiveCfg = Debug|x64
		{13388DD4-EF06-4944-823B-1414B4248C28}.Debug|x64.Build.0 = Debug|x64
		{13388DD4-EF06-4944-823B-1414B4248C28}.Debug|x86.ActiveCfg = Debug|Win32
		{13388DD4-EF06-4944-823B-1414B4248C28}.Debug|x86.Build.0 = Debug|Win32
		{13388DD4-EF06-4944-823B-1414B4248C28}.Release|ARM64.ActiveCfg = Release|x64
		{13388DD4-EF06-4944-823B-1414B4248C28}.Release|ARM64.Build.0 = Release|x64
		{13388DD4-EF06-4944-823B-1414B4248C28}.Release|x64.ActiveCfg = Release|x64
		{13388DD4-EF06-4944-823B-1414B4248C28}.Release|x64.Build.0 = Release|x64
		{13388DD4-EF06-4944-823B-1414B4248C28}.Release|x86.ActiveCfg = Release|Win32
		{13388DD4-EF06-4944-823B-1414B4248C28}.Release|x86.Build.0 = Release|Win32
	EndGlobalSection
	GlobalSection(SolutionProperties) = preSolution
		HideSolutionNode = FALSE
	EndGlobalSection
	GlobalSection(ExtensibilityGlobals) = postSolution
		SolutionGuid = {395A38D8-A9FA-4B5F-96BF-096181B2AA22}
	EndGlobalSection
EndGlobal
